
Microsoft Visual Studio Solution File, Format Version 12.00
# Visual Studio Version 16
VisualStudioVersion = 16.0.29613.14
MinimumVisualStudioVersion = 10.0.40219.1
Project("{FAE04EC0-301F-11D3-BF4B-00C04F79EFBC}") = "Termin6BiletarnicaHomework", "Termin6BiletarnicaHomework\Termin6BiletarnicaHomework.csproj", "{CEC3CB0D-B931-409D-A9A2-15943C1C49B6}"
EndProject
Global
	GlobalSection(SolutionConfigurationPlatforms) = preSolution
		Debug|Any CPU = Debug|Any CPU
		Release|Any CPU = Release|Any CPU
	EndGlobalSection
	GlobalSection(ProjectConfigurationPlatforms) = postSolution
		{CEC3CB0D-B931-409D-A9A2-15943C1C49B6}.Debug|Any CPU.ActiveCfg = Debug|Any CPU
		{CEC3CB0D-B931-409D-A9A2-15943C1C49B6}.Debug|Any CPU.Build.0 = Debug|Any CPU
		{CEC3CB0D-B931-409D-A9A2-15943C1C49B6}.Release|Any CPU.ActiveCfg = Release|Any CPU
		{CEC3CB0D-B931-409D-A9A2-15943C1C49B6}.Release|Any CPU.Build.0 = Release|Any CPU
	EndGlobalSection
	GlobalSection(SolutionProperties) = preSolution
		HideSolutionNode = FALSE
	EndGlobalSection
	GlobalSection(ExtensibilityGlobals) = postSolution
		SolutionGuid = {C2827933-C2F6-4119-94FB-8401B10C9017}
	EndGlobalSection
EndGlobal
